
Microsoft Visual Studio Solution File, Format Version 12.00
# Visual Studio Version 16
VisualStudioVersion = 16.0.29418.71
MinimumVisualStudioVersion = 10.0.40219.1
Project("{FAE04EC0-301F-11D3-BF4B-00C04F79EFBC}") = "kursProjekti", "kursProjekti\kursProjekti.csproj", "{2D37B51E-D293-4985-B8E0-D5253670FE0E}"
EndProject
Global
	GlobalSection(SolutionConfigurationPlatforms) = preSolution
		Debug|Any CPU = Debug|Any CPU
		Release|Any CPU = Release|Any CPU
	EndGlobalSection
	GlobalSection(ProjectConfigurationPlatforms) = postSolution
		{2D37B51E-D293-4985-B8E0-D5253670FE0E}.Debug|Any CPU.ActiveCfg = Debug|Any CPU
		{2D37B51E-D293-4985-B8E0-D5253670FE0E}.Debug|Any CPU.Build.0 = Debug|Any CPU
		{2D37B51E-D293-4985-B8E0-D5253670FE0E}.Release|Any CPU.ActiveCfg = Release|Any CPU
		{2D37B51E-D293-4985-B8E0-D5253670FE0E}.Release|Any CPU.Build.0 = Release|Any CPU
	EndGlobalSection
	GlobalSection(SolutionProperties) = preSolution
		HideSolutionNode = FALSE
	EndGlobalSection
	GlobalSection(ExtensibilityGlobals) = postSolution
		SolutionGuid = {290CB597-0B92-4638-8AD8-B7E3B7CB5594}
	EndGlobalSection
EndGlobal
